// !$*UTF8*$!
{
	archiveVersion = 1;
	classes = {
	};
	objectVersion = 56;
	objects = {

/* Begin PBXBuildFile section */
		741E8B65297DF75E00C7906A /* gym_diariesApp.swift in Sources */ = {isa = PBXBuildFile; fileRef = 741E8B64297DF75E00C7906A /* gym_diariesApp.swift */; };
		741E8B67297DF75E00C7906A /* ContentView.swift in Sources */ = {isa = PBXBuildFile; fileRef = 741E8B66297DF75E00C7906A /* ContentView.swift */; };
		741E8B69297DF75F00C7906A /* Assets.xcassets in Resources */ = {isa = PBXBuildFile; fileRef = 741E8B68297DF75F00C7906A /* Assets.xcassets */; };
		741E8B6C297DF75F00C7906A /* Preview Assets.xcassets in Resources */ = {isa = PBXBuildFile; fileRef = 741E8B6B297DF75F00C7906A /* Preview Assets.xcassets */; };
		741E8B76297DF75F00C7906A /* gym_diariesTests.swift in Sources */ = {isa = PBXBuildFile; fileRef = 741E8B75297DF75F00C7906A /* gym_diariesTests.swift */; };
		741E8B80297DF75F00C7906A /* gym_diariesUITests.swift in Sources */ = {isa = PBXBuildFile; fileRef = 741E8B7F297DF75F00C7906A /* gym_diariesUITests.swift */; };
		741E8B82297DF75F00C7906A /* gym_diariesUITestsLaunchTests.swift in Sources */ = {isa = PBXBuildFile; fileRef = 741E8B81297DF75F00C7906A /* gym_diariesUITestsLaunchTests.swift */; };
/* End PBXBuildFile section */

/* Begin PBXContainerItemProxy section */
		741E8B72297DF75F00C7906A /* PBXContainerItemProxy */ = {
			isa = PBXContainerItemProxy;
			containerPortal = 741E8B59297DF75E00C7906A /* Project object */;
			proxyType = 1;
			remoteGlobalIDString = 741E8B60297DF75E00C7906A;
			remoteInfo = "gym-diaries";
		};
		741E8B7C297DF75F00C7906A /* PBXContainerItemProxy */ = {
			isa = PBXContainerItemProxy;
			containerPortal = 741E8B59297DF75E00C7906A /* Project object */;
			proxyType = 1;
			remoteGlobalIDString = 741E8B60297DF75E00C7906A;
			remoteInfo = "gym-diaries";
		};
/* End PBXContainerItemProxy section */

/* Begin PBXFileReference section */
		741E8B61297DF75E00C7906A /* gym-diaries.app */ = {isa = PBXFileReference; explicitFileType = wrapper.application; includeInIndex = 0; path = "gym-diaries.app"; sourceTree = BUILT_PRODUCTS_DIR; };
		741E8B64297DF75E00C7906A /* gym_diariesApp.swift */ = {isa = PBXFileReference; lastKnownFileType = sourcecode.swift; path = gym_diariesApp.swift; sourceTree = "<group>"; };
		741E8B66297DF75E00C7906A /* ContentView.swift */ = {isa = PBXFileReference; lastKnownFileType = sourcecode.swift; path = ContentView.swift; sourceTree = "<group>"; };
		741E8B68297DF75F00C7906A /* Assets.xcassets */ = {isa = PBXFileReference; lastKnownFileType = folder.assetcatalog; path = Assets.xcassets; sourceTree = "<group>"; };
		741E8B6B297DF75F00C7906A /* Preview Assets.xcassets */ = {isa = PBXFileReference; lastKnownFileType = folder.assetcatalog; path = "Preview Assets.xcassets"; sourceTree = "<group>"; };
		741E8B71297DF75F00C7906A /* gym-diariesTests.xctest */ = {isa = PBXFileReference; explicitFileType = wrapper.cfbundle; includeInIndex = 0; path = "gym-diariesTests.xctest"; sourceTree = BUILT_PRODUCTS_DIR; };
		741E8B75297DF75F00C7906A /* gym_diariesTests.swift */ = {isa = PBXFileReference; lastKnownFileType = sourcecode.swift; path = gym_diariesTests.swift; sourceTree = "<group>"; };
		741E8B7B297DF75F00C7906A /* gym-diariesUITests.xctest */ = {isa = PBXFileReference; explicitFileType = wrapper.cfbundle; includeInIndex = 0; path = "gym-diariesUITests.xctest"; sourceTree = BUILT_PRODUCTS_DIR; };
		741E8B7F297DF75F00C7906A /* gym_diariesUITests.swift */ = {isa = PBXFileReference; lastKnownFileType = sourcecode.swift; path = gym_diariesUITests.swift; sourceTree = "<group>"; };
		741E8B81297DF75F00C7906A /* gym_diariesUITestsLaunchTests.swift */ = {isa = PBXFileReference; lastKnownFileType = sourcecode.swift; path = gym_diariesUITestsLaunchTests.swift; sourceTree = "<group>"; };
/* End PBXFileReference section */

/* Begin PBXFrameworksBuildPhase section */
		741E8B5E297DF75E00C7906A /* Frameworks */ = {
			isa = PBXFrameworksBuildPhase;
			buildActionMask = 2147483647;
			files = (
			);
			runOnlyForDeploymentPostprocessing = 0;
		};
		741E8B6E297DF75F00C7906A /* Frameworks */ = {
			isa = PBXFrameworksBuildPhase;
			buildActionMask = 2147483647;
			files = (
			);
			runOnlyForDeploymentPostprocessing = 0;
		};
		741E8B78297DF75F00C7906A /* Frameworks */ = {
			isa = PBXFrameworksBuildPhase;
			buildActionMask = 2147483647;
			files = (
			);
			runOnlyForDeploymentPostprocessing = 0;
		};
/* End PBXFrameworksBuildPhase section */

/* Begin PBXGroup section */
		741E8B58297DF75E00C7906A = {
			isa = PBXGroup;
			children = (
				741E8B63297DF75E00C7906A /* gym-diaries */,
				741E8B74297DF75F00C7906A /* gym-diariesTests */,
				741E8B7E297DF75F00C7906A /* gym-diariesUITests */,
				741E8B62297DF75E00C7906A /* Products */,
			);
			sourceTree = "<group>";
		};
		741E8B62297DF75E00C7906A /* Products */ = {
			isa = PBXGroup;
			children = (
				741E8B61297DF75E00C7906A /* gym-diaries.app */,
				741E8B71297DF75F00C7906A /* gym-diariesTests.xctest */,
				741E8B7B297DF75F00C7906A /* gym-diariesUITests.xctest */,
			);
			name = Products;
			sourceTree = "<group>";
		};
		741E8B63297DF75E00C7906A /* gym-diaries */ = {
			isa = PBXGroup;
			children = (
				741E8B64297DF75E00C7906A /* gym_diariesApp.swift */,
				741E8B66297DF75E00C7906A /* ContentView.swift */,
				741E8B68297DF75F00C7906A /* Assets.xcassets */,
				741E8B6A297DF75F00C7906A /* Preview Content */,
			);
			path = "gym-diaries";
			sourceTree = "<group>";
		};
		741E8B6A297DF75F00C7906A /* Preview Content */ = {
			isa = PBXGroup;
			children = (
				741E8B6B297DF75F00C7906A /* Preview Assets.xcassets */,
			);
			path = "Preview Content";
			sourceTree = "<group>";
		};
		741E8B74297DF75F00C7906A /* gym-diariesTests */ = {
			isa = PBXGroup;
			children = (
				741E8B75297DF75F00C7906A /* gym_diariesTests.swift */,
			);
			path = "gym-diariesTests";
			sourceTree = "<group>";
		};
		741E8B7E297DF75F00C7906A /* gym-diariesUITests */ = {
			isa = PBXGroup;
			children = (
				741E8B7F297DF75F00C7906A /* gym_diariesUITests.swift */,
				741E8B81297DF75F00C7906A /* gym_diariesUITestsLaunchTests.swift */,
			);
			path = "gym-diariesUITests";
			sourceTree = "<group>";
		};
/* End PBXGroup section */

/* Begin PBXNativeTarget section */
		741E8B60297DF75E00C7906A /* gym-diaries */ = {
			isa = PBXNativeTarget;
			buildConfigurationList = 741E8B85297DF75F00C7906A /* Build configuration list for PBXNativeTarget "gym-diaries" */;
			buildPhases = (
				741E8B5D297DF75E00C7906A /* Sources */,
				741E8B5E297DF75E00C7906A /* Frameworks */,
				741E8B5F297DF75E00C7906A /* Resources */,
			);
			buildRules = (
			);
			dependencies = (
			);
			name = "gym-diaries";
			productName = "gym-diaries";
			productReference = 741E8B61297DF75E00C7906A /* gym-diaries.app */;
			productType = "com.apple.product-type.application";
		};
		741E8B70297DF75F00C7906A /* gym-diariesTests */ = {
			isa = PBXNativeTarget;
			buildConfigurationList = 741E8B88297DF75F00C7906A /* Build configuration list for PBXNativeTarget "gym-diariesTests" */;
			buildPhases = (
				741E8B6D297DF75F00C7906A /* Sources */,
				741E8B6E297DF75F00C7906A /* Frameworks */,
				741E8B6F297DF75F00C7906A /* Resources */,
			);
			buildRules = (
			);
			dependencies = (
				741E8B73297DF75F00C7906A /* PBXTargetDependency */,
			);
			name = "gym-diariesTests";
			productName = "gym-diariesTests";
			productReference = 741E8B71297DF75F00C7906A /* gym-diariesTests.xctest */;
			productType = "com.apple.product-type.bundle.unit-test";
		};
		741E8B7A297DF75F00C7906A /* gym-diariesUITests */ = {
			isa = PBXNativeTarget;
			buildConfigurationList = 741E8B8B297DF75F00C7906A /* Build configuration list for PBXNativeTarget "gym-diariesUITests" */;
			buildPhases = (
				741E8B77297DF75F00C7906A /* Sources */,
				741E8B78297DF75F00C7906A /* Frameworks */,
				741E8B79297DF75F00C7906A /* Resources */,
			);
			buildRules = (
			);
			dependencies = (
				741E8B7D297DF75F00C7906A /* PBXTargetDependency */,
			);
			name = "gym-diariesUITests";
			productName = "gym-diariesUITests";
			productReference = 741E8B7B297DF75F00C7906A /* gym-diariesUITests.xctest */;
			productType = "com.apple.product-type.bundle.ui-testing";
		};
/* End PBXNativeTarget section */

/* Begin PBXProject section */
		741E8B59297DF75E00C7906A /* Project object */ = {
			isa = PBXProject;
			attributes = {
				BuildIndependentTargetsInParallel = 1;
				LastSwiftUpdateCheck = 1420;
				LastUpgradeCheck = 1420;
				TargetAttributes = {
					741E8B60297DF75E00C7906A = {
						CreatedOnToolsVersion = 14.2;
					};
					741E8B70297DF75F00C7906A = {
						CreatedOnToolsVersion = 14.2;
						TestTargetID = 741E8B60297DF75E00C7906A;
					};
					741E8B7A297DF75F00C7906A = {
						CreatedOnToolsVersion = 14.2;
						TestTargetID = 741E8B60297DF75E00C7906A;
					};
				};
			};
			buildConfigurationList = 741E8B5C297DF75E00C7906A /* Build configuration list for PBXProject "gym-diaries" */;
			compatibilityVersion = "Xcode 14.0";
			developmentRegion = en;
			hasScannedForEncodings = 0;
			knownRegions = (
				en,
				Base,
			);
			mainGroup = 741E8B58297DF75E00C7906A;
			productRefGroup = 741E8B62297DF75E00C7906A /* Products */;
			projectDirPath = "";
			projectRoot = "";
			targets = (
				741E8B60297DF75E00C7906A /* gym-diaries */,
				741E8B70297DF75F00C7906A /* gym-diariesTests */,
				741E8B7A297DF75F00C7906A /* gym-diariesUITests */,
			);
		};
/* End PBXProject section */

/* Begin PBXResourcesBuildPhase section */
		741E8B5F297DF75E00C7906A /* Resources */ = {
			isa = PBXResourcesBuildPhase;
			buildActionMask = 2147483647;
			files = (
				741E8B6C297DF75F00C7906A /* Preview Assets.xcassets in Resources */,
				741E8B69297DF75F00C7906A /* Assets.xcassets in Resources */,
			);
			runOnlyForDeploymentPostprocessing = 0;
		};
		741E8B6F297DF75F00C7906A /* Resources */ = {
			isa = PBXResourcesBuildPhase;
			buildActionMask = 2147483647;
			files = (
			);
			runOnlyForDeploymentPostprocessing = 0;
		};
		741E8B79297DF75F00C7906A /* Resources */ = {
			isa = PBXResourcesBuildPhase;
			buildActionMask = 2147483647;
			files = (
			);
			runOnlyForDeploymentPostprocessing = 0;
		};
/* End PBXResourcesBuildPhase section */

/* Begin PBXSourcesBuildPhase section */
		741E8B5D297DF75E00C7906A /* Sources */ = {
			isa = PBXSourcesBuildPhase;
			buildActionMask = 2147483647;
			files = (
				741E8B67297DF75E00C7906A /* ContentView.swift in Sources */,
				741E8B65297DF75E00C7906A /* gym_diariesApp.swift in Sources */,
			);
			runOnlyForDeploymentPostprocessing = 0;
		};
		741E8B6D297DF75F00C7906A /* Sources */ = {
			isa = PBXSourcesBuildPhase;
			buildActionMask = 2147483647;
			files = (
				741E8B76297DF75F00C7906A /* gym_diariesTests.swift in Sources */,
			);
			runOnlyForDeploymentPostprocessing = 0;
		};
		741E8B77297DF75F00C7906A /* Sources */ = {
			isa = PBXSourcesBuildPhase;
			buildActionMask = 2147483647;
			files = (
				741E8B82297DF75F00C7906A /* gym_diariesUITestsLaunchTests.swift in Sources */,
				741E8B80297DF75F00C7906A /* gym_diariesUITests.swift in Sources */,
			);
			runOnlyForDeploymentPostprocessing = 0;
		};
/* End PBXSourcesBuildPhase section */

/* Begin PBXTargetDependency section */
		741E8B73297DF75F00C7906A /* PBXTargetDependency */ = {
			isa = PBXTargetDependency;
			target = 741E8B60297DF75E00C7906A /* gym-diaries */;
			targetProxy = 741E8B72297DF75F00C7906A /* PBXContainerItemProxy */;
		};
		741E8B7D297DF75F00C7906A /* PBXTargetDependency */ = {
			isa = PBXTargetDependency;
			target = 741E8B60297DF75E00C7906A /* gym-diaries */;
			targetProxy = 741E8B7C297DF75F00C7906A /* PBXContainerItemProxy */;
		};
/* End PBXTargetDependency section */

/* Begin XCBuildConfiguration section */
		741E8B83297DF75F00C7906A /* Debug */ = {
			isa = XCBuildConfiguration;
			buildSettings = {
				ALWAYS_SEARCH_USER_PATHS = NO;
				CLANG_ANALYZER_NONNULL = YES;
				CLANG_ANALYZER_NUMBER_OBJECT_CONVERSION = YES_AGGRESSIVE;
				CLANG_CXX_LANGUAGE_STANDARD = "gnu++20";
				CLANG_ENABLE_MODULES = YES;
				CLANG_ENABLE_OBJC_ARC = YES;
				CLANG_ENABLE_OBJC_WEAK = YES;
				CLANG_WARN_BLOCK_CAPTURE_AUTORELEASING = YES;
				CLANG_WARN_BOOL_CONVERSION = YES;
				CLANG_WARN_COMMA = YES;
				CLANG_WARN_CONSTANT_CONVERSION = YES;
				CLANG_WARN_DEPRECATED_OBJC_IMPLEMENTATIONS = YES;
				CLANG_WARN_DIRECT_OBJC_ISA_USAGE = YES_ERROR;
				CLANG_WARN_DOCUMENTATION_COMMENTS = YES;
				CLANG_WARN_EMPTY_BODY = YES;
				CLANG_WARN_ENUM_CONVERSION = YES;
				CLANG_WARN_INFINITE_RECURSION = YES;
				CLANG_WARN_INT_CONVERSION = YES;
				CLANG_WARN_NON_LITERAL_NULL_CONVERSION = YES;
				CLANG_WARN_OBJC_IMPLICIT_RETAIN_SELF = YES;
				CLANG_WARN_OBJC_LITERAL_CONVERSION = YES;
				CLANG_WARN_OBJC_ROOT_CLASS = YES_ERROR;
				CLANG_WARN_QUOTED_INCLUDE_IN_FRAMEWORK_HEADER = YES;
				CLANG_WARN_RANGE_LOOP_ANALYSIS = YES;
				CLANG_WARN_STRICT_PROTOTYPES = YES;
				CLANG_WARN_SUSPICIOUS_MOVE = YES;
				CLANG_WARN_UNGUARDED_AVAILABILITY = YES_AGGRESSIVE;
				CLANG_WARN_UNREACHABLE_CODE = YES;
				CLANG_WARN__DUPLICATE_METHOD_MATCH = YES;
				COPY_PHASE_STRIP = NO;
				DEBUG_INFORMATION_FORMAT = dwarf;
				ENABLE_STRICT_OBJC_MSGSEND = YES;
				ENABLE_TESTABILITY = YES;
				GCC_C_LANGUAGE_STANDARD = gnu11;
				GCC_DYNAMIC_NO_PIC = NO;
				GCC_NO_COMMON_BLOCKS = YES;
				GCC_OPTIMIZATION_LEVEL = 0;
				GCC_PREPROCESSOR_DEFINITIONS = (
					"DEBUG=1",
					"$(inherited)",
				);
				GCC_WARN_64_TO_32_BIT_CONVERSION = YES;
				GCC_WARN_ABOUT_RETURN_TYPE = YES_ERROR;
				GCC_WARN_UNDECLARED_SELECTOR = YES;
				GCC_WARN_UNINITIALIZED_AUTOS = YES_AGGRESSIVE;
				GCC_WARN_UNUSED_FUNCTION = YES;
				GCC_WARN_UNUSED_VARIABLE = YES;
				IPHONEOS_DEPLOYMENT_TARGET = 16.2;
				MTL_ENABLE_DEBUG_INFO = INCLUDE_SOURCE;
				MTL_FAST_MATH = YES;
				ONLY_ACTIVE_ARCH = YES;
				SDKROOT = iphoneos;
				SWIFT_ACTIVE_COMPILATION_CONDITIONS = DEBUG;
				SWIFT_OPTIMIZATION_LEVEL = "-Onone";
			};
			name = Debug;
		};
		741E8B84297DF75F00C7906A /* Release */ = {
			isa = XCBuildConfiguration;
			buildSettings = {
				ALWAYS_SEARCH_USER_PATHS = NO;
				CLANG_ANALYZER_NONNULL = YES;
				CLANG_ANALYZER_NUMBER_OBJECT_CONVERSION = YES_AGGRESSIVE;
				CLANG_CXX_LANGUAGE_STANDARD = "gnu++20";
				CLANG_ENABLE_MODULES = YES;
				CLANG_ENABLE_OBJC_ARC = YES;
				CLANG_ENABLE_OBJC_WEAK = YES;
				CLANG_WARN_BLOCK_CAPTURE_AUTORELEASING = YES;
				CLANG_WARN_BOOL_CONVERSION = YES;
				CLANG_WARN_COMMA = YES;
				CLANG_WARN_CONSTANT_CONVERSION = YES;
				CLANG_WARN_DEPRECATED_OBJC_IMPLEMENTATIONS = YES;
				CLANG_WARN_DIRECT_OBJC_ISA_USAGE = YES_ERROR;
				CLANG_WARN_DOCUMENTATION_COMMENTS = YES;
				CLANG_WARN_EMPTY_BODY = YES;
				CLANG_WARN_ENUM_CONVERSION = YES;
				CLANG_WARN_INFINITE_RECURSION = YES;
				CLANG_WARN_INT_CONVERSION = YES;
				CLANG_WARN_NON_LITERAL_NULL_CONVERSION = YES;
				CLANG_WARN_OBJC_IMPLICIT_RETAIN_SELF = YES;
				CLANG_WARN_OBJC_LITERAL_CONVERSION = YES;
				CLANG_WARN_OBJC_ROOT_CLASS = YES_ERROR;
				CLANG_WARN_QUOTED_INCLUDE_IN_FRAMEWORK_HEADER = YES;
				CLANG_WARN_RANGE_LOOP_ANALYSIS = YES;
				CLANG_WARN_STRICT_PROTOTYPES = YES;
				CLANG_WARN_SUSPICIOUS_MOVE = YES;
				CLANG_WARN_UNGUARDED_AVAILABILITY = YES_AGGRESSIVE;
				CLANG_WARN_UNREACHABLE_CODE = YES;
				CLANG_WARN__DUPLICATE_METHOD_MATCH = YES;
				COPY_PHASE_STRIP = NO;
				DEBUG_INFORMATION_FORMAT = "dwarf-with-dsym";
				ENABLE_NS_ASSERTIONS = NO;
				ENABLE_STRICT_OBJC_MSGSEND = YES;
				GCC_C_LANGUAGE_STANDARD = gnu11;
				GCC_NO_COMMON_BLOCKS = YES;
				GCC_WARN_64_TO_32_BIT_CONVERSION = YES;
				GCC_WARN_ABOUT_RETURN_TYPE = YES_ERROR;
				GCC_WARN_UNDECLARED_SELECTOR = YES;
				GCC_WARN_UNINITIALIZED_AUTOS = YES_AGGRESSIVE;
				GCC_WARN_UNUSED_FUNCTION = YES;
				GCC_WARN_UNUSED_VARIABLE = YES;
				IPHONEOS_DEPLOYMENT_TARGET = 16.2;
				MTL_ENABLE_DEBUG_INFO = NO;
				MTL_FAST_MATH = YES;
				SDKROOT = iphoneos;
				SWIFT_COMPILATION_MODE = wholemodule;
				SWIFT_OPTIMIZATION_LEVEL = "-O";
				VALIDATE_PRODUCT = YES;
			};
			name = Release;
		};
		741E8B86297DF75F00C7906A /* Debug */ = {
			isa = XCBuildConfiguration;
			buildSettings = {
				ASSETCATALOG_COMPILER_APPICON_NAME = AppIcon;
				ASSETCATALOG_COMPILER_GLOBAL_ACCENT_COLOR_NAME = AccentColor;
				CODE_SIGN_STYLE = Automatic;
				CURRENT_PROJECT_VERSION = 1;
				DEVELOPMENT_ASSET_PATHS = "\"gym-diaries/Preview Content\"";
				DEVELOPMENT_TEAM = V47FRT9WGV;
				ENABLE_PREVIEWS = YES;
				GENERATE_INFOPLIST_FILE = YES;
				INFOPLIST_KEY_UIApplicationSceneManifest_Generation = YES;
				INFOPLIST_KEY_UIApplicationSupportsIndirectInputEvents = YES;
				INFOPLIST_KEY_UILaunchScreen_Generation = YES;
				INFOPLIST_KEY_UISupportedInterfaceOrientations_iPad = "UIInterfaceOrientationPortrait UIInterfaceOrientationPortraitUpsideDown UIInterfaceOrientationLandscapeLeft UIInterfaceOrientationLandscapeRight";
				INFOPLIST_KEY_UISupportedInterfaceOrientations_iPhone = "UIInterfaceOrientationPortrait UIInterfaceOrientationLandscapeLeft UIInterfaceOrientationLandscapeRight";
				LD_RUNPATH_SEARCH_PATHS = (
					"$(inherited)",
					"@executable_path/Frameworks",
				);
				MARKETING_VERSION = 1.0;
				PRODUCT_BUNDLE_IDENTIFIER = "com.codeexplaination.gym-diaries";
				PRODUCT_NAME = "$(TARGET_NAME)";
				SWIFT_EMIT_LOC_STRINGS = YES;
				SWIFT_VERSION = 5.0;
				TARGETED_DEVICE_FAMILY = "1,2";
			};
			name = Debug;
		};
		741E8B87297DF75F00C7906A /* Release */ = {
			isa = XCBuildConfiguration;
			buildSettings = {
				ASSETCATALOG_COMPILER_APPICON_NAME = AppIcon;
				ASSETCATALOG_COMPILER_GLOBAL_ACCENT_COLOR_NAME = AccentColor;
				CODE_SIGN_STYLE = Automatic;
				CURRENT_PROJECT_VERSION = 1;
				DEVELOPMENT_ASSET_PATHS = "\"gym-diaries/Preview Content\"";
				DEVELOPMENT_TEAM = V47FRT9WGV;
				ENABLE_PREVIEWS = YES;
				GENERATE_INFOPLIST_FILE = YES;
				INFOPLIST_KEY_UIApplicationSceneManifest_Generation = YES;
				INFOPLIST_KEY_UIApplicationSupportsIndirectInputEvents = YES;
				INFOPLIST_KEY_UILaunchScreen_Generation = YES;
				INFOPLIST_KEY_UISupportedInterfaceOrientations_iPad = "UIInterfaceOrientationPortrait UIInterfaceOrientationPortraitUpsideDown UIInterfaceOrientationLandscapeLeft UIInterfaceOrientationLandscapeRight";
				INFOPLIST_KEY_UISupportedInterfaceOrientations_iPhone = "UIInterfaceOrientationPortrait UIInterfaceOrientationLandscapeLeft UIInterfaceOrientationLandscapeRight";
				LD_RUNPATH_SEARCH_PATHS = (
					"$(inherited)",
					"@executable_path/Frameworks",
				);
				MARKETING_VERSION = 1.0;
				PRODUCT_BUNDLE_IDENTIFIER = "com.codeexplaination.gym-diaries";
				PRODUCT_NAME = "$(TARGET_NAME)";
				SWIFT_EMIT_LOC_STRINGS = YES;
				SWIFT_VERSION = 5.0;
				TARGETED_DEVICE_FAMILY = "1,2";
			};
			name = Release;
		};
		741E8B89297DF75F00C7906A /* Debug */ = {
			isa = XCBuildConfiguration;
			buildSettings = {
				ALWAYS_EMBED_SWIFT_STANDARD_LIBRARIES = YES;
				BUNDLE_LOADER = "$(TEST_HOST)";
				CODE_SIGN_STYLE = Automatic;
				CURRENT_PROJECT_VERSION = 1;
				DEVELOPMENT_TEAM = V47FRT9WGV;
				GENERATE_INFOPLIST_FILE = YES;
				IPHONEOS_DEPLOYMENT_TARGET = 16.2;
				MARKETING_VERSION = 1.0;
				PRODUCT_BUNDLE_IDENTIFIER = "com.codeexplaination.gym-diariesTests";
				PRODUCT_NAME = "$(TARGET_NAME)";
				SWIFT_EMIT_LOC_STRINGS = NO;
				SWIFT_VERSION = 5.0;
				TARGETED_DEVICE_FAMILY = "1,2";
				TEST_HOST = "$(BUILT_PRODUCTS_DIR)/gym-diaries.app/$(BUNDLE_EXECUTABLE_FOLDER_PATH)/gym-diaries";
			};
			name = Debug;
		};
		741E8B8A297DF75F00C7906A /* Release */ = {
			isa = XCBuildConfiguration;
			buildSettings = {
				ALWAYS_EMBED_SWIFT_STANDARD_LIBRARIES = YES;
				BUNDLE_LOADER = "$(TEST_HOST)";
				CODE_SIGN_STYLE = Automatic;
				CURRENT_PROJECT_VERSION = 1;
				DEVELOPMENT_TEAM = V47FRT9WGV;
				GENERATE_INFOPLIST_FILE = YES;
				IPHONEOS_DEPLOYMENT_TARGET = 16.2;
				MARKETING_VERSION = 1.0;
				PRODUCT_BUNDLE_IDENTIFIER = "com.codeexplaination.gym-diariesTests";
				PRODUCT_NAME = "$(TARGET_NAME)";
				SWIFT_EMIT_LOC_STRINGS = NO;
				SWIFT_VERSION = 5.0;
				TARGETED_DEVICE_FAMILY = "1,2";
				TEST_HOST = "$(BUILT_PRODUCTS_DIR)/gym-diaries.app/$(BUNDLE_EXECUTABLE_FOLDER_PATH)/gym-diaries";
			};
			name = Release;
		};
		741E8B8C297DF75F00C7906A /* Debug */ = {
			isa = XCBuildConfiguration;
			buildSettings = {
				ALWAYS_EMBED_SWIFT_STANDARD_LIBRARIES = YES;
				CODE_SIGN_STYLE = Automatic;
				CURRENT_PROJECT_VERSION = 1;
				DEVELOPMENT_TEAM = V47FRT9WGV;
				GENERATE_INFOPLIST_FILE = YES;
				MARKETING_VERSION = 1.0;
				PRODUCT_BUNDLE_IDENTIFIER = "com.codeexplaination.gym-diariesUITests";
				PRODUCT_NAME = "$(TARGET_NAME)";
				SWIFT_EMIT_LOC_STRINGS = NO;
				SWIFT_VERSION = 5.0;
				TARGETED_DEVICE_FAMILY = "1,2";
				TEST_TARGET_NAME = "gym-diaries";
			};
			name = Debug;
		};
		741E8B8D297DF75F00C7906A /* Release */ = {
			isa = XCBuildConfiguration;
			buildSettings = {
				ALWAYS_EMBED_SWIFT_STANDARD_LIBRARIES = YES;
				CODE_SIGN_STYLE = Automatic;
				CURRENT_PROJECT_VERSION = 1;
				DEVELOPMENT_TEAM = V47FRT9WGV;
				GENERATE_INFOPLIST_FILE = YES;
				MARKETING_VERSION = 1.0;
				PRODUCT_BUNDLE_IDENTIFIER = "com.codeexplaination.gym-diariesUITests";
				PRODUCT_NAME = "$(TARGET_NAME)";
				SWIFT_EMIT_LOC_STRINGS = NO;
				SWIFT_VERSION = 5.0;
				TARGETED_DEVICE_FAMILY = "1,2";
				TEST_TARGET_NAME = "gym-diaries";
			};
			name = Release;
		};
/* End XCBuildConfiguration section */

/* Begin XCConfigurationList section */
		741E8B5C297DF75E00C7906A /* Build configuration list for PBXProject "gym-diaries" */ = {
			isa = XCConfigurationList;
			buildConfigurations = (
				741E8B83297DF75F00C7906A /* Debug */,
				741E8B84297DF75F00C7906A /* Release */,
			);
			defaultConfigurationIsVisible = 0;
			defaultConfigurationName = Release;
		};
		741E8B85297DF75F00C7906A /* Build configuration list for PBXNativeTarget "gym-diaries" */ = {
			isa = XCConfigurationList;
			buildConfigurations = (
				741E8B86297DF75F00C7906A /* Debug */,
				741E8B87297DF75F00C7906A /* Release */,
			);
			defaultConfigurationIsVisible = 0;
			defaultConfigurationName = Release;
		};
		741E8B88297DF75F00C7906A /* Build configuration list for PBXNativeTarget "gym-diariesTests" */ = {
			isa = XCConfigurationList;
			buildConfigurations = (
				741E8B89297DF75F00C7906A /* Debug */,
				741E8B8A297DF75F00C7906A /* Release */,
			);
			defaultConfigurationIsVisible = 0;
			defaultConfigurationName = Release;
		};
		741E8B8B297DF75F00C7906A /* Build configuration list for PBXNativeTarget "gym-diariesUITests" */ = {
			isa = XCConfigurationList;
			buildConfigurations = (
				741E8B8C297DF75F00C7906A /* Debug */,
				741E8B8D297DF75F00C7906A /* Release */,
			);
			defaultConfigurationIsVisible = 0;
			defaultConfigurationName = Release;
		};
/* End XCConfigurationList section */
	};
	rootObject = 741E8B59297DF75E00C7906A /* Project object */;
}
